
Microsoft Visual Studio Solution File, Format Version 12.00
# Visual Studio Version 17
VisualStudioVersion = 17.6.33829.357
MinimumVisualStudioVersion = 10.0.40219.1
Project("{FAE04EC0-301F-11D3-BF4B-00C04F79EFBC}") = "TodoList", "TodoList\TodoList.csproj", "{E8427879-1DFB-4B9E-A2C1-533579C058C2}"
EndProject
Global
	GlobalSection(SolutionConfigurationPlatforms) = preSolution
		Debug|Any CPU = Debug|Any CPU
		Release|Any CPU = Release|Any CPU
	EndGlobalSection
	GlobalSection(ProjectConfigurationPlatforms) = postSolution
		{E8427879-1DFB-4B9E-A2C1-533579C058C2}.Debug|Any CPU.ActiveCfg = Debug|Any CPU
		{E8427879-1DFB-4B9E-A2C1-533579C058C2}.Debug|Any CPU.Build.0 = Debug|Any CPU
		{E8427879-1DFB-4B9E-A2C1-533579C058C2}.Release|Any CPU.ActiveCfg = Release|Any CPU
		{E8427879-1DFB-4B9E-A2C1-533579C058C2}.Release|Any CPU.Build.0 = Release|Any CPU
	EndGlobalSection
	GlobalSection(SolutionProperties) = preSolution
		HideSolutionNode = FALSE
	EndGlobalSection
	GlobalSection(ExtensibilityGlobals) = postSolution
		SolutionGuid = {E9D3F232-451E-4957-9FBC-6DD4822FAAD6}
	EndGlobalSection
EndGlobal
